
Microsoft Visual Studio Solution File, Format Version 12.00
# Visual Studio 15
VisualStudioVersion = 15.0.36617.4
MinimumVisualStudioVersion = 10.0.40219.1
Project("{F184B08F-C81C-45F6-A57F-5ABD9991F28F}") = "Repaso", "Repaso\Repaso.vbproj", "{4243B784-7B57-4B85-A724-248A22A51144}"
EndProject
Global
	GlobalSection(SolutionConfigurationPlatforms) = preSolution
		Debug|Any CPU = Debug|Any CPU
		Release|Any CPU = Release|Any CPU
	EndGlobalSection
	GlobalSection(ProjectConfigurationPlatforms) = postSolution
		{4243B784-7B57-4B85-A724-248A22A51144}.Debug|Any CPU.ActiveCfg = Debug|Any CPU
		{4243B784-7B57-4B85-A724-248A22A51144}.Debug|Any CPU.Build.0 = Debug|Any CPU
		{4243B784-7B57-4B85-A724-248A22A51144}.Release|Any CPU.ActiveCfg = Release|Any CPU
		{4243B784-7B57-4B85-A724-248A22A51144}.Release|Any CPU.Build.0 = Release|Any CPU
	EndGlobalSection
	GlobalSection(SolutionProperties) = preSolution
		HideSolutionNode = FALSE
	EndGlobalSection
	GlobalSection(ExtensibilityGlobals) = postSolution
		SolutionGuid = {8260C9CA-787D-4854-925E-CE91CA3258C6}
	EndGlobalSection
EndGlobal
